
Microsoft Visual Studio Solution File, Format Version 12.00
# Visual Studio Version 17
VisualStudioVersion = 17.14.36518.9 d17.14
MinimumVisualStudioVersion = 10.0.40219.1
Project("{FAE04EC0-301F-11D3-BF4B-00C04F79EFBC}") = "WcfServer", "WcfServer\WcfServer.csproj", "{E04C3623-32BA-42AA-9A9B-1A93B34BC02A}"
EndProject
Project("{FAE04EC0-301F-11D3-BF4B-00C04F79EFBC}") = "WcfClient", "WcfClient\WcfClient.csproj", "{EE327B10-1C45-42E8-9DF5-F7FF6250CF4C}"
EndProject
Global
	GlobalSection(SolutionConfigurationPlatforms) = preSolution
		Debug|Any CPU = Debug|Any CPU
		Release|Any CPU = Release|Any CPU
	EndGlobalSection
	GlobalSection(ProjectConfigurationPlatforms) = postSolution
		{E04C3623-32BA-42AA-9A9B-1A93B34BC02A}.Debug|Any CPU.ActiveCfg = Debug|Any CPU
		{E04C3623-32BA-42AA-9A9B-1A93B34BC02A}.Debug|Any CPU.Build.0 = Debug|Any CPU
		{E04C3623-32BA-42AA-9A9B-1A93B34BC02A}.Release|Any CPU.ActiveCfg = Release|Any CPU
		{E04C3623-32BA-42AA-9A9B-1A93B34BC02A}.Release|Any CPU.Build.0 = Release|Any CPU
		{EE327B10-1C45-42E8-9DF5-F7FF6250CF4C}.Debug|Any CPU.ActiveCfg = Debug|Any CPU
		{EE327B10-1C45-42E8-9DF5-F7FF6250CF4C}.Debug|Any CPU.Build.0 = Debug|Any CPU
		{EE327B10-1C45-42E8-9DF5-F7FF6250CF4C}.Release|Any CPU.ActiveCfg = Release|Any CPU
		{EE327B10-1C45-42E8-9DF5-F7FF6250CF4C}.Release|Any CPU.Build.0 = Release|Any CPU
	EndGlobalSection
	GlobalSection(SolutionProperties) = preSolution
		HideSolutionNode = FALSE
	EndGlobalSection
	GlobalSection(ExtensibilityGlobals) = postSolution
		SolutionGuid = {FEE93AE0-9E4E-4956-AE68-0CB7CE5C8C5F}
	EndGlobalSection
EndGlobal
